
Microsoft Visual Studio Solution File, Format Version 12.00
# Visual Studio Version 16
VisualStudioVersion = 16.0.32002.261
MinimumVisualStudioVersion = 10.0.40219.1
Project("{FAE04EC0-301F-11D3-BF4B-00C04F79EFBC}") = "gestion_com_2022", "gestion_com_2022.csproj", "{B6335C77-7023-4B97-B610-66485CC1A763}"
EndProject
Global
	GlobalSection(SolutionConfigurationPlatforms) = preSolution
		Debug|Any CPU = Debug|Any CPU
		Release|Any CPU = Release|Any CPU
	EndGlobalSection
	GlobalSection(ProjectConfigurationPlatforms) = postSolution
		{B6335C77-7023-4B97-B610-66485CC1A763}.Debug|Any CPU.ActiveCfg = Debug|Any CPU
		{B6335C77-7023-4B97-B610-66485CC1A763}.Debug|Any CPU.Build.0 = Debug|Any CPU
		{B6335C77-7023-4B97-B610-66485CC1A763}.Release|Any CPU.ActiveCfg = Release|Any CPU
		{B6335C77-7023-4B97-B610-66485CC1A763}.Release|Any CPU.Build.0 = Release|Any CPU
	EndGlobalSection
	GlobalSection(SolutionProperties) = preSolution
		HideSolutionNode = FALSE
	EndGlobalSection
	GlobalSection(ExtensibilityGlobals) = postSolution
		SolutionGuid = {858F254F-B4A2-42DE-B163-ED85668E155A}
	EndGlobalSection
EndGlobal
